{
  "name": "wildcard-resolver",
  "version": "0.2.0",
  "lockfileVersion": 3,
  "requires": true,
  "packages": {
    "": {
      "name": "wildcard-resolver",
      "version": "0.2.0",
      "license": "MIT",
      "devDependencies": {
        "ziko": "^0.34.1"
      }
    },
    "node_modules/ziko": {
      "version": "0.34.1",
      "resolved": "https://registry.npmjs.org/ziko/-/ziko-0.34.1.tgz",
      "integrity": "sha512-P7kqGCEAsRGWAAR6cGgzUrk05zyjjRD/QlXtNaHrAIEcKXJpJGhtBgusp9oqP67VRucMA1D/F9tDW/r7dFIHpg==",
      "dev": true,
      "license": "MIT",
      "bin": {
        "create-ziko-app": "starter/bin/index.js"
      }
    }
  }
}
